
Microsoft Visual Studio Solution File, Format Version 12.00
# Visual Studio Version 17
VisualStudioVersion = 17.0.31606.5
MinimumVisualStudioVersion = 10.0.40219.1
Project("{9A19103F-16F7-4668-BE54-9A1E7A4F7556}") = "SharpX.CLI", "SharpX.CLI\SharpX.CLI.csproj", "{346B5604-854E-4E22-A7A3-B61103B3856A}"
EndProject
Project("{9A19103F-16F7-4668-BE54-9A1E7A4F7556}") = "SharpX.Compiler", "SharpX.Compiler\SharpX.Compiler.csproj", "{855E6D85-E08D-4BE3-8B96-A17113D50AF2}"
EndProject
Project("{2150E333-8FDC-42A3-9474-1A3956D46DE8}") = "Compiler", "Compiler", "{7B6CFC4E-591A-4F50-B127-CB9F1DACF074}"
EndProject
Project("{2150E333-8FDC-42A3-9474-1A3956D46DE8}") = "ShaderLab", "ShaderLab", "{DBB06E81-F642-473F-B6EC-1452D43CACAC}"
EndProject
Project("{9A19103F-16F7-4668-BE54-9A1E7A4F7556}") = "SharpX.Compiler.Composition", "SharpX.Compiler.Composition\SharpX.Compiler.Composition.csproj", "{42B9EEEE-C5CA-449D-AE71-F11A1D9AC3AF}"
EndProject
Project("{9A19103F-16F7-4668-BE54-9A1E7A4F7556}") = "SharpX.Compiler.ShaderLab", "SharpX.Compiler.ShaderLab\SharpX.Compiler.ShaderLab.csproj", "{D33CCB90-C211-4892-9FAB-620E11198FC2}"
EndProject
Project("{9A19103F-16F7-4668-BE54-9A1E7A4F7556}") = "SharpX.CodeGen.ShaderLab", "SharpX.CodeGen.ShaderLab\SharpX.CodeGen.ShaderLab.csproj", "{B08F8DF1-B9AD-45E6-92A4-0579D8C71493}"
EndProject
Project("{9A19103F-16F7-4668-BE54-9A1E7A4F7556}") = "SharpX.Library.ShaderLab", "SharpX.Library.ShaderLab\SharpX.Library.ShaderLab.csproj", "{55D638DE-06EE-4AC3-ACCB-D754DB28CA99}"
EndProject
Project("{9A19103F-16F7-4668-BE54-9A1E7A4F7556}") = "SharpX.Examples.ShaderLab", "SharpX.Examples.ShaderLab\SharpX.Examples.ShaderLab.csproj", "{7BD702D5-0C2D-4ED0-9FC4-3379DD312BBD}"
EndProject
Project("{9A19103F-16F7-4668-BE54-9A1E7A4F7556}") = "SharpX.Compiler.Extensions", "SharpX.Compiler.Extensions\SharpX.Compiler.Extensions.csproj", "{E298F406-FB5A-42DE-A8FA-9DF45887608F}"
EndProject
Project("{2150E333-8FDC-42A3-9474-1A3956D46DE8}") = "Udon", "Udon", "{9C77AF65-EECE-4C26-8A56-855100C3B24C}"
EndProject
Project("{2150E333-8FDC-42A3-9474-1A3956D46DE8}") = "Languages", "Languages", "{CE315993-A93D-4572-831E-53FCCE1AB4DA}"
EndProject
Project("{9A19103F-16F7-4668-BE54-9A1E7A4F7556}") = "SharpX.Compiler.CodeCleanup", "SharpX.Compiler.CodeCleanup\SharpX.Compiler.CodeCleanup.csproj", "{C8653B96-1C48-4C29-A19B-E53EC7B2500F}"
EndProject
Project("{2150E333-8FDC-42A3-9474-1A3956D46DE8}") = "Asterisk", "Asterisk", "{82B10035-D454-4B97-8B26-9167EC3DEB03}"
EndProject
Project("{9A19103F-16F7-4668-BE54-9A1E7A4F7556}") = "SharpX.Library.CodeCleanup", "SharpX.Library.CodeCleanup\SharpX.Library.CodeCleanup.csproj", "{48826634-A96F-4265-9F19-A91261AE8079}"
EndProject
Global
	GlobalSection(SolutionConfigurationPlatforms) = preSolution
		Debug|Any CPU = Debug|Any CPU
		Release|Any CPU = Release|Any CPU
	EndGlobalSection
	GlobalSection(ProjectConfigurationPlatforms) = postSolution
		{346B5604-854E-4E22-A7A3-B61103B3856A}.Debug|Any CPU.ActiveCfg = Debug|Any CPU
		{346B5604-854E-4E22-A7A3-B61103B3856A}.Debug|Any CPU.Build.0 = Debug|Any CPU
		{346B5604-854E-4E22-A7A3-B61103B3856A}.Release|Any CPU.ActiveCfg = Release|Any CPU
		{346B5604-854E-4E22-A7A3-B61103B3856A}.Release|Any CPU.Build.0 = Release|Any CPU
		{855E6D85-E08D-4BE3-8B96-A17113D50AF2}.Debug|Any CPU.ActiveCfg = Debug|Any CPU
		{855E6D85-E08D-4BE3-8B96-A17113D50AF2}.Debug|Any CPU.Build.0 = Debug|Any CPU
		{855E6D85-E08D-4BE3-8B96-A17113D50AF2}.Release|Any CPU.ActiveCfg = Release|Any CPU
		{855E6D85-E08D-4BE3-8B96-A17113D50AF2}.Release|Any CPU.Build.0 = Release|Any CPU
		{42B9EEEE-C5CA-449D-AE71-F11A1D9AC3AF}.Debug|Any CPU.ActiveCfg = Debug|Any CPU
		{42B9EEEE-C5CA-449D-AE71-F11A1D9AC3AF}.Debug|Any CPU.Build.0 = Debug|Any CPU
		{42B9EEEE-C5CA-449D-AE71-F11A1D9AC3AF}.Release|Any CPU.ActiveCfg = Release|Any CPU
		{42B9EEEE-C5CA-449D-AE71-F11A1D9AC3AF}.Release|Any CPU.Build.0 = Release|Any CPU
		{D33CCB90-C211-4892-9FAB-620E11198FC2}.Debug|Any CPU.ActiveCfg = Debug|Any CPU
		{D33CCB90-C211-4892-9FAB-620E11198FC2}.Debug|Any CPU.Build.0 = Debug|Any CPU
		{D33CCB90-C211-4892-9FAB-620E11198FC2}.Release|Any CPU.ActiveCfg = Release|Any CPU
		{D33CCB90-C211-4892-9FAB-620E11198FC2}.Release|Any CPU.Build.0 = Release|Any CPU
		{B08F8DF1-B9AD-45E6-92A4-0579D8C71493}.Debug|Any CPU.ActiveCfg = Debug|Any CPU
		{B08F8DF1-B9AD-45E6-92A4-0579D8C71493}.Debug|Any CPU.Build.0 = Debug|Any CPU
		{B08F8DF1-B9AD-45E6-92A4-0579D8C71493}.Release|Any CPU.ActiveCfg = Release|Any CPU
		{B08F8DF1-B9AD-45E6-92A4-0579D8C71493}.Release|Any CPU.Build.0 = Release|Any CPU
		{55D638DE-06EE-4AC3-ACCB-D754DB28CA99}.Debug|Any CPU.ActiveCfg = Debug|Any CPU
		{55D638DE-06EE-4AC3-ACCB-D754DB28CA99}.Debug|Any CPU.Build.0 = Debug|Any CPU
		{55D638DE-06EE-4AC3-ACCB-D754DB28CA99}.Release|Any CPU.ActiveCfg = Release|Any CPU
		{55D638DE-06EE-4AC3-ACCB-D754DB28CA99}.Release|Any CPU.Build.0 = Release|Any CPU
		{7BD702D5-0C2D-4ED0-9FC4-3379DD312BBD}.Debug|Any CPU.ActiveCfg = Debug|Any CPU
		{7BD702D5-0C2D-4ED0-9FC4-3379DD312BBD}.Debug|Any CPU.Build.0 = Debug|Any CPU
		{7BD702D5-0C2D-4ED0-9FC4-3379DD312BBD}.Release|Any CPU.ActiveCfg = Release|Any CPU
		{7BD702D5-0C2D-4ED0-9FC4-3379DD312BBD}.Release|Any CPU.Build.0 = Release|Any CPU
		{E298F406-FB5A-42DE-A8FA-9DF45887608F}.Debug|Any CPU.ActiveCfg = Debug|Any CPU
		{E298F406-FB5A-42DE-A8FA-9DF45887608F}.Debug|Any CPU.Build.0 = Debug|Any CPU
		{E298F406-FB5A-42DE-A8FA-9DF45887608F}.Release|Any CPU.ActiveCfg = Release|Any CPU
		{E298F406-FB5A-42DE-A8FA-9DF45887608F}.Release|Any CPU.Build.0 = Release|Any CPU
		{C8653B96-1C48-4C29-A19B-E53EC7B2500F}.Debug|Any CPU.ActiveCfg = Debug|Any CPU
		{C8653B96-1C48-4C29-A19B-E53EC7B2500F}.Debug|Any CPU.Build.0 = Debug|Any CPU
		{C8653B96-1C48-4C29-A19B-E53EC7B2500F}.Release|Any CPU.ActiveCfg = Release|Any CPU
		{C8653B96-1C48-4C29-A19B-E53EC7B2500F}.Release|Any CPU.Build.0 = Release|Any CPU
		{48826634-A96F-4265-9F19-A91261AE8079}.Debug|Any CPU.ActiveCfg = Debug|Any CPU
		{48826634-A96F-4265-9F19-A91261AE8079}.Debug|Any CPU.Build.0 = Debug|Any CPU
		{48826634-A96F-4265-9F19-A91261AE8079}.Release|Any CPU.ActiveCfg = Release|Any CPU
		{48826634-A96F-4265-9F19-A91261AE8079}.Release|Any CPU.Build.0 = Release|Any CPU
	EndGlobalSection
	GlobalSection(SolutionProperties) = preSolution
		HideSolutionNode = FALSE
	EndGlobalSection
	GlobalSection(NestedProjects) = preSolution
		{346B5604-854E-4E22-A7A3-B61103B3856A} = {7B6CFC4E-591A-4F50-B127-CB9F1DACF074}
		{855E6D85-E08D-4BE3-8B96-A17113D50AF2} = {7B6CFC4E-591A-4F50-B127-CB9F1DACF074}
		{DBB06E81-F642-473F-B6EC-1452D43CACAC} = {CE315993-A93D-4572-831E-53FCCE1AB4DA}
		{42B9EEEE-C5CA-449D-AE71-F11A1D9AC3AF} = {7B6CFC4E-591A-4F50-B127-CB9F1DACF074}
		{D33CCB90-C211-4892-9FAB-620E11198FC2} = {DBB06E81-F642-473F-B6EC-1452D43CACAC}
		{B08F8DF1-B9AD-45E6-92A4-0579D8C71493} = {DBB06E81-F642-473F-B6EC-1452D43CACAC}
		{55D638DE-06EE-4AC3-ACCB-D754DB28CA99} = {DBB06E81-F642-473F-B6EC-1452D43CACAC}
		{7BD702D5-0C2D-4ED0-9FC4-3379DD312BBD} = {DBB06E81-F642-473F-B6EC-1452D43CACAC}
		{E298F406-FB5A-42DE-A8FA-9DF45887608F} = {7B6CFC4E-591A-4F50-B127-CB9F1DACF074}
		{9C77AF65-EECE-4C26-8A56-855100C3B24C} = {CE315993-A93D-4572-831E-53FCCE1AB4DA}
		{C8653B96-1C48-4C29-A19B-E53EC7B2500F} = {82B10035-D454-4B97-8B26-9167EC3DEB03}
		{82B10035-D454-4B97-8B26-9167EC3DEB03} = {CE315993-A93D-4572-831E-53FCCE1AB4DA}
		{48826634-A96F-4265-9F19-A91261AE8079} = {82B10035-D454-4B97-8B26-9167EC3DEB03}
	EndGlobalSection
	GlobalSection(ExtensibilityGlobals) = postSolution
		SolutionGuid = {65FFF662-C863-4FD9-BA3A-708EFC303DF4}
	EndGlobalSection
EndGlobal
